
Microsoft Visual Studio Solution File, Format Version 12.00
# Visual Studio Version 17
VisualStudioVersion = 17.4.33110.190
MinimumVisualStudioVersion = 10.0.40219.1
Project("{FAE04EC0-301F-11D3-BF4B-00C04F79EFBC}") = "Dungeon v2.0 Artem Volikov", "Dungeon v2.0 Artem Volikov\Dungeon v2.0 Artem Volikov.csproj", "{B13DCA80-AC42-446C-8F69-A7D01ABDE98D}"
EndProject
Global
	GlobalSection(SolutionConfigurationPlatforms) = preSolution
		Debug|Any CPU = Debug|Any CPU
		Release|Any CPU = Release|Any CPU
	EndGlobalSection
	GlobalSection(ProjectConfigurationPlatforms) = postSolution
		{B13DCA80-AC42-446C-8F69-A7D01ABDE98D}.Debug|Any CPU.ActiveCfg = Debug|Any CPU
		{B13DCA80-AC42-446C-8F69-A7D01ABDE98D}.Debug|Any CPU.Build.0 = Debug|Any CPU
		{B13DCA80-AC42-446C-8F69-A7D01ABDE98D}.Release|Any CPU.ActiveCfg = Release|Any CPU
		{B13DCA80-AC42-446C-8F69-A7D01ABDE98D}.Release|Any CPU.Build.0 = Release|Any CPU
	EndGlobalSection
	GlobalSection(SolutionProperties) = preSolution
		HideSolutionNode = FALSE
	EndGlobalSection
	GlobalSection(ExtensibilityGlobals) = postSolution
		SolutionGuid = {3988CE17-48BF-4EF0-A03C-CDBE1FB5EB27}
	EndGlobalSection
EndGlobal
